// !$*UTF8*$!
{
	archiveVersion = 1;
	classes = {
	};
	objectVersion = 55;
	objects = {

/* Begin PBXBuildFile section */
		3075CABD6F3E145C511879A6 /* Pods_VE_Comerce.framework in Frameworks */ = {isa = PBXBuildFile; fileRef = 5422C71534BF2CC744C144CF /* Pods_VE_Comerce.framework */; };
		F655144F279B6EEE0060FA67 /* AppDelegate.swift in Sources */ = {isa = PBXBuildFile; fileRef = F655144E279B6EEE0060FA67 /* AppDelegate.swift */; };
		F6551459279B6EEE0060FA67 /* VE_Comerce.xcdatamodeld in Sources */ = {isa = PBXBuildFile; fileRef = F6551457279B6EEE0060FA67 /* VE_Comerce.xcdatamodeld */; };
		F655145B279B6EEF0060FA67 /* Assets.xcassets in Resources */ = {isa = PBXBuildFile; fileRef = F655145A279B6EEF0060FA67 /* Assets.xcassets */; };
		F655145E279B6EEF0060FA67 /* LaunchScreen.storyboard in Resources */ = {isa = PBXBuildFile; fileRef = F655145C279B6EEF0060FA67 /* LaunchScreen.storyboard */; };
		F6551469279B6EEF0060FA67 /* VE_ComerceTests.swift in Sources */ = {isa = PBXBuildFile; fileRef = F6551468279B6EEF0060FA67 /* VE_ComerceTests.swift */; };
		F6551473279B6EEF0060FA67 /* VE_ComerceUITests.swift in Sources */ = {isa = PBXBuildFile; fileRef = F6551472279B6EEF0060FA67 /* VE_ComerceUITests.swift */; };
		F6551475279B6EEF0060FA67 /* VE_ComerceUITestsLaunchTests.swift in Sources */ = {isa = PBXBuildFile; fileRef = F6551474279B6EEF0060FA67 /* VE_ComerceUITestsLaunchTests.swift */; };
		F655148A279B70930060FA67 /* Authentication.storyboard in Resources */ = {isa = PBXBuildFile; fileRef = F6551489279B70930060FA67 /* Authentication.storyboard */; };
		F655148C279B70B40060FA67 /* LoginViewController.swift in Sources */ = {isa = PBXBuildFile; fileRef = F655148B279B70B40060FA67 /* LoginViewController.swift */; };
		F655148F279B72C80060FA67 /* Observable.swift in Sources */ = {isa = PBXBuildFile; fileRef = F655148E279B72C80060FA67 /* Observable.swift */; };
		F6551492279B77DF0060FA67 /* AuthenticationViewModel.swift in Sources */ = {isa = PBXBuildFile; fileRef = F6551491279B77DF0060FA67 /* AuthenticationViewModel.swift */; };
		F6551495279B793D0060FA67 /* User.swift in Sources */ = {isa = PBXBuildFile; fileRef = F6551494279B793D0060FA67 /* User.swift */; };
		F6551499279B7BA60060FA67 /* AuthenticationRepository.swift in Sources */ = {isa = PBXBuildFile; fileRef = F6551498279B7BA60060FA67 /* AuthenticationRepository.swift */; };
		F655149B279B7DF50060FA67 /* RegisterViewController.swift in Sources */ = {isa = PBXBuildFile; fileRef = F655149A279B7DF50060FA67 /* RegisterViewController.swift */; };
		F655149F279B7E650060FA67 /* UIStoryboard+Extension.swift in Sources */ = {isa = PBXBuildFile; fileRef = F655149E279B7E650060FA67 /* UIStoryboard+Extension.swift */; };
		F65514A2279B7EC60060FA67 /* RegisterViewModel.swift in Sources */ = {isa = PBXBuildFile; fileRef = F65514A1279B7EC60060FA67 /* RegisterViewModel.swift */; };
		F65514ED279E9E810060FA67 /* AuthenticationTableViewDataSourceDelegate.swift in Sources */ = {isa = PBXBuildFile; fileRef = F65514EC279E9E810060FA67 /* AuthenticationTableViewDataSourceDelegate.swift */; };
		F65514F0279EA4DB0060FA67 /* AuthenticationFormField.swift in Sources */ = {isa = PBXBuildFile; fileRef = F65514EF279EA4DB0060FA67 /* AuthenticationFormField.swift */; };
		F65514F2279EA9770060FA67 /* Reusable.swift in Sources */ = {isa = PBXBuildFile; fileRef = F65514F1279EA9770060FA67 /* Reusable.swift */; };
		F65514F4279EA9A50060FA67 /* UITableView+Reusable.swift in Sources */ = {isa = PBXBuildFile; fileRef = F65514F3279EA9A50060FA67 /* UITableView+Reusable.swift */; };
		F65514F8279EBD3F0060FA67 /* UITableViewCell+Extension.swift in Sources */ = {isa = PBXBuildFile; fileRef = F65514F7279EBD3F0060FA67 /* UITableViewCell+Extension.swift */; };
		F6551500279ECE340060FA67 /* AuthenticationTextInputTableViewCell.swift in Sources */ = {isa = PBXBuildFile; fileRef = F65514FE279ECE340060FA67 /* AuthenticationTextInputTableViewCell.swift */; };
		F6551501279ECE340060FA67 /* AuthenticationTextInputTableViewCell.xib in Resources */ = {isa = PBXBuildFile; fileRef = F65514FF279ECE340060FA67 /* AuthenticationTextInputTableViewCell.xib */; };
		F6551504279ECE470060FA67 /* AuthenticationButtonTableViewCell.swift in Sources */ = {isa = PBXBuildFile; fileRef = F6551502279ECE470060FA67 /* AuthenticationButtonTableViewCell.swift */; };
		F6551505279ECE470060FA67 /* AuthenticationButtonTableViewCell.xib in Resources */ = {isa = PBXBuildFile; fileRef = F6551503279ECE470060FA67 /* AuthenticationButtonTableViewCell.xib */; };
		F6551509279ECEAC0060FA67 /* NibLoadable.swift in Sources */ = {isa = PBXBuildFile; fileRef = F6551508279ECEAC0060FA67 /* NibLoadable.swift */; };
		F655150D279ED1150060FA67 /* UIColor+Extension.swift in Sources */ = {isa = PBXBuildFile; fileRef = F655150C279ED1150060FA67 /* UIColor+Extension.swift */; };
		F6551510279ED60A0060FA67 /* UITextField+Extension.swift in Sources */ = {isa = PBXBuildFile; fileRef = F655150F279ED60A0060FA67 /* UITextField+Extension.swift */; };
		F6551513279EEB180060FA67 /* Dictionary+Extension.swift in Sources */ = {isa = PBXBuildFile; fileRef = F6551512279EEB180060FA67 /* Dictionary+Extension.swift */; };
		F6551516279EED700060FA67 /* String+Extension.swift in Sources */ = {isa = PBXBuildFile; fileRef = F6551515279EED700060FA67 /* String+Extension.swift */; };
		F6551519279EEE790060FA67 /* UIViewController+Extension.swift in Sources */ = {isa = PBXBuildFile; fileRef = F6551518279EEE790060FA67 /* UIViewController+Extension.swift */; };
		F655151C279EEF9B0060FA67 /* AppError.swift in Sources */ = {isa = PBXBuildFile; fileRef = F655151B279EEF9B0060FA67 /* AppError.swift */; };
		F655151E279F1D280060FA67 /* UserStore.swift in Sources */ = {isa = PBXBuildFile; fileRef = F655151D279F1D280060FA67 /* UserStore.swift */; };
		F690178E279F28E700328924 /* Dashboard.storyboard in Resources */ = {isa = PBXBuildFile; fileRef = F690178D279F28E700328924 /* Dashboard.storyboard */; };
		F6901791279F292B00328924 /* DashboardViewController.swift in Sources */ = {isa = PBXBuildFile; fileRef = F6901790279F292B00328924 /* DashboardViewController.swift */; };
		F6901794279F295100328924 /* DashboardViewModel.swift in Sources */ = {isa = PBXBuildFile; fileRef = F6901793279F295100328924 /* DashboardViewModel.swift */; };
		F6901797279F297800328924 /* InvoiceRepository.swift in Sources */ = {isa = PBXBuildFile; fileRef = F6901796279F297800328924 /* InvoiceRepository.swift */; };
		F690179B279F3E2300328924 /* ReceiptRepository.swift in Sources */ = {isa = PBXBuildFile; fileRef = F690179A279F3E2300328924 /* ReceiptRepository.swift */; };
		F690179E279F3FE000328924 /* Expenses.storyboard in Resources */ = {isa = PBXBuildFile; fileRef = F690179D279F3FE000328924 /* Expenses.storyboard */; };
		F69017A1279F400100328924 /* AddExpensesViewController.swift in Sources */ = {isa = PBXBuildFile; fileRef = F69017A0279F400100328924 /* AddExpensesViewController.swift */; };
		F69017A4279F416500328924 /* AddExpensesViewModel.swift in Sources */ = {isa = PBXBuildFile; fileRef = F69017A3279F416500328924 /* AddExpensesViewModel.swift */; };
		F69017A7279F45F500328924 /* AddExpensesTableViewDataSourceDelegate.swift in Sources */ = {isa = PBXBuildFile; fileRef = F69017A6279F45F500328924 /* AddExpensesTableViewDataSourceDelegate.swift */; };
		F69017A9279F46E600328924 /* AddExpensesFormField.swift in Sources */ = {isa = PBXBuildFile; fileRef = F69017A8279F46E600328924 /* AddExpensesFormField.swift */; };
		F69017B4279F4C2900328924 /* AddExpensesTextInputTableViewCell.swift in Sources */ = {isa = PBXBuildFile; fileRef = F69017B2279F4C2900328924 /* AddExpensesTextInputTableViewCell.swift */; };
		F69017B5279F4C2900328924 /* AddExpensesTextInputTableViewCell.xib in Resources */ = {isa = PBXBuildFile; fileRef = F69017B3279F4C2900328924 /* AddExpensesTextInputTableViewCell.xib */; };
		F69017B8279F4C8000328924 /* AddExpensesSwitchTableViewCell.swift in Sources */ = {isa = PBXBuildFile; fileRef = F69017B6279F4C8000328924 /* AddExpensesSwitchTableViewCell.swift */; };
		F69017B9279F4C8000328924 /* AddExpensesSwitchTableViewCell.xib in Resources */ = {isa = PBXBuildFile; fileRef = F69017B7279F4C8000328924 /* AddExpensesSwitchTableViewCell.xib */; };
		F69017C527A07D2600328924 /* AddExpenseImageTableViewCell.swift in Sources */ = {isa = PBXBuildFile; fileRef = F69017C327A07D2600328924 /* AddExpenseImageTableViewCell.swift */; };
		F69017C627A07D2600328924 /* AddExpenseImageTableViewCell.xib in Resources */ = {isa = PBXBuildFile; fileRef = F69017C427A07D2600328924 /* AddExpenseImageTableViewCell.xib */; };
		F69017C927A0810F00328924 /* CustomImagePicker.swift in Sources */ = {isa = PBXBuildFile; fileRef = F69017C827A0810F00328924 /* CustomImagePicker.swift */; };
		F69017CB27A08D2000328924 /* UITextField+DatePicker.swift in Sources */ = {isa = PBXBuildFile; fileRef = F69017CA27A08D2000328924 /* UITextField+DatePicker.swift */; };
		F69017CE27A0A06400328924 /* CurrencyViewController.swift in Sources */ = {isa = PBXBuildFile; fileRef = F69017CD27A0A06400328924 /* CurrencyViewController.swift */; };
		F69017D127A0A14300328924 /* CurrencyTableViewCell.swift in Sources */ = {isa = PBXBuildFile; fileRef = F69017D027A0A14300328924 /* CurrencyTableViewCell.swift */; };
		F69017D527A0AA6A00328924 /* ImageRepository.swift in Sources */ = {isa = PBXBuildFile; fileRef = F69017D427A0AA6A00328924 /* ImageRepository.swift */; };
		F69017D927A0B00A00328924 /* Invoice.swift in Sources */ = {isa = PBXBuildFile; fileRef = F69017D827A0B00A00328924 /* Invoice.swift */; };
		F69017DB27A12DBB00328924 /* InvoiceStore.swift in Sources */ = {isa = PBXBuildFile; fileRef = F69017DA27A12DBB00328924 /* InvoiceStore.swift */; };
		F69017DE27A1521500328924 /* ExpenseTableViewCell.swift in Sources */ = {isa = PBXBuildFile; fileRef = F69017DD27A1521500328924 /* ExpenseTableViewCell.swift */; };
		F69017E127A1532400328924 /* DashboardDataSourceDelegate.swift in Sources */ = {isa = PBXBuildFile; fileRef = F69017E027A1532400328924 /* DashboardDataSourceDelegate.swift */; };
		F69017E427A153B900328924 /* Expense.swift in Sources */ = {isa = PBXBuildFile; fileRef = F69017E327A153B900328924 /* Expense.swift */; };
		F69017E627A15F1200328924 /* Receipt.swift in Sources */ = {isa = PBXBuildFile; fileRef = F69017E527A15F1200328924 /* Receipt.swift */; };
		F69017E827A15FC800328924 /* ReceiptStore.swift in Sources */ = {isa = PBXBuildFile; fileRef = F69017E727A15FC800328924 /* ReceiptStore.swift */; };
/* End PBXBuildFile section */

/* Begin PBXContainerItemProxy section */
		F6551465279B6EEF0060FA67 /* PBXContainerItemProxy */ = {
			isa = PBXContainerItemProxy;
			containerPortal = F6551443279B6EEE0060FA67 /* Project object */;
			proxyType = 1;
			remoteGlobalIDString = F655144A279B6EEE0060FA67;
			remoteInfo = "VE-Comerce";
		};
		F655146F279B6EEF0060FA67 /* PBXContainerItemProxy */ = {
			isa = PBXContainerItemProxy;
			containerPortal = F6551443279B6EEE0060FA67 /* Project object */;
			proxyType = 1;
			remoteGlobalIDString = F655144A279B6EEE0060FA67;
			remoteInfo = "VE-Comerce";
		};
/* End PBXContainerItemProxy section */

/* Begin PBXFileReference section */
		5422C71534BF2CC744C144CF /* Pods_VE_Comerce.framework */ = {isa = PBXFileReference; explicitFileType = wrapper.framework; includeInIndex = 0; path = Pods_VE_Comerce.framework; sourceTree = BUILT_PRODUCTS_DIR; };
		EB543666FEA843D41852C30C /* Pods-VE-Comerce.release.xcconfig */ = {isa = PBXFileReference; includeInIndex = 1; lastKnownFileType = text.xcconfig; name = "Pods-VE-Comerce.release.xcconfig"; path = "Target Support Files/Pods-VE-Comerce/Pods-VE-Comerce.release.xcconfig"; sourceTree = "<group>"; };
		EF7A61DF2FB905DCAA596645 /* Pods-VE-Comerce.debug.xcconfig */ = {isa = PBXFileReference; includeInIndex = 1; lastKnownFileType = text.xcconfig; name = "Pods-VE-Comerce.debug.xcconfig"; path = "Target Support Files/Pods-VE-Comerce/Pods-VE-Comerce.debug.xcconfig"; sourceTree = "<group>"; };
		F655144B279B6EEE0060FA67 /* VE-Comerce.app */ = {isa = PBXFileReference; explicitFileType = wrapper.application; includeInIndex = 0; path = "VE-Comerce.app"; sourceTree = BUILT_PRODUCTS_DIR; };
		F655144E279B6EEE0060FA67 /* AppDelegate.swift */ = {isa = PBXFileReference; lastKnownFileType = sourcecode.swift; path = AppDelegate.swift; sourceTree = "<group>"; };
		F6551458279B6EEE0060FA67 /* VE_Comerce.xcdatamodel */ = {isa = PBXFileReference; lastKnownFileType = wrapper.xcdatamodel; path = VE_Comerce.xcdatamodel; sourceTree = "<group>"; };
		F655145A279B6EEF0060FA67 /* Assets.xcassets */ = {isa = PBXFileReference; lastKnownFileType = folder.assetcatalog; path = Assets.xcassets; sourceTree = "<group>"; };
		F655145D279B6EEF0060FA67 /* Base */ = {isa = PBXFileReference; lastKnownFileType = file.storyboard; name = Base; path = Base.lproj/LaunchScreen.storyboard; sourceTree = "<group>"; };
		F6551464279B6EEF0060FA67 /* VE-ComerceTests.xctest */ = {isa = PBXFileReference; explicitFileType = wrapper.cfbundle; includeInIndex = 0; path = "VE-ComerceTests.xctest"; sourceTree = BUILT_PRODUCTS_DIR; };
		F6551468279B6EEF0060FA67 /* VE_ComerceTests.swift */ = {isa = PBXFileReference; lastKnownFileType = sourcecode.swift; path = VE_ComerceTests.swift; sourceTree = "<group>"; };
		F655146E279B6EEF0060FA67 /* VE-ComerceUITests.xctest */ = {isa = PBXFileReference; explicitFileType = wrapper.cfbundle; includeInIndex = 0; path = "VE-ComerceUITests.xctest"; sourceTree = BUILT_PRODUCTS_DIR; };
		F6551472279B6EEF0060FA67 /* VE_ComerceUITests.swift */ = {isa = PBXFileReference; lastKnownFileType = sourcecode.swift; path = VE_ComerceUITests.swift; sourceTree = "<group>"; };
		F6551474279B6EEF0060FA67 /* VE_ComerceUITestsLaunchTests.swift */ = {isa = PBXFileReference; lastKnownFileType = sourcecode.swift; path = VE_ComerceUITestsLaunchTests.swift; sourceTree = "<group>"; };
		F6551489279B70930060FA67 /* Authentication.storyboard */ = {isa = PBXFileReference; lastKnownFileType = file.storyboard; path = Authentication.storyboard; sourceTree = "<group>"; };
		F655148B279B70B40060FA67 /* LoginViewController.swift */ = {isa = PBXFileReference; lastKnownFileType = sourcecode.swift; path = LoginViewController.swift; sourceTree = "<group>"; };
		F655148E279B72C80060FA67 /* Observable.swift */ = {isa = PBXFileReference; lastKnownFileType = sourcecode.swift; path = Observable.swift; sourceTree = "<group>"; };
		F6551491279B77DF0060FA67 /* AuthenticationViewModel.swift */ = {isa = PBXFileReference; lastKnownFileType = sourcecode.swift; path = AuthenticationViewModel.swift; sourceTree = "<group>"; };
		F6551494279B793D0060FA67 /* User.swift */ = {isa = PBXFileReference; lastKnownFileType = sourcecode.swift; path = User.swift; sourceTree = "<group>"; };
		F6551498279B7BA60060FA67 /* AuthenticationRepository.swift */ = {isa = PBXFileReference; lastKnownFileType = sourcecode.swift; path = AuthenticationRepository.swift; sourceTree = "<group>"; };
		F655149A279B7DF50060FA67 /* RegisterViewController.swift */ = {isa = PBXFileReference; lastKnownFileType = sourcecode.swift; path = RegisterViewController.swift; sourceTree = "<group>"; };
		F655149E279B7E650060FA67 /* UIStoryboard+Extension.swift */ = {isa = PBXFileReference; lastKnownFileType = sourcecode.swift; path = "UIStoryboard+Extension.swift"; sourceTree = "<group>"; };
		F65514A1279B7EC60060FA67 /* RegisterViewModel.swift */ = {isa = PBXFileReference; lastKnownFileType = sourcecode.swift; path = RegisterViewModel.swift; sourceTree = "<group>"; };
		F65514EC279E9E810060FA67 /* AuthenticationTableViewDataSourceDelegate.swift */ = {isa = PBXFileReference; lastKnownFileType = sourcecode.swift; path = AuthenticationTableViewDataSourceDelegate.swift; sourceTree = "<group>"; };
		F65514EF279EA4DB0060FA67 /* AuthenticationFormField.swift */ = {isa = PBXFileReference; lastKnownFileType = sourcecode.swift; path = AuthenticationFormField.swift; sourceTree = "<group>"; };
		F65514F1279EA9770060FA67 /* Reusable.swift */ = {isa = PBXFileReference; lastKnownFileType = sourcecode.swift; path = Reusable.swift; sourceTree = "<group>"; };
		F65514F3279EA9A50060FA67 /* UITableView+Reusable.swift */ = {isa = PBXFileReference; lastKnownFileType = sourcecode.swift; path = "UITableView+Reusable.swift"; sourceTree = "<group>"; };
		F65514F7279EBD3F0060FA67 /* UITableViewCell+Extension.swift */ = {isa = PBXFileReference; lastKnownFileType = sourcecode.swift; path = "UITableViewCell+Extension.swift"; sourceTree = "<group>"; };
		F65514FE279ECE340060FA67 /* AuthenticationTextInputTableViewCell.swift */ = {isa = PBXFileReference; lastKnownFileType = sourcecode.swift; path = AuthenticationTextInputTableViewCell.swift; sourceTree = "<group>"; };
		F65514FF279ECE340060FA67 /* AuthenticationTextInputTableViewCell.xib */ = {isa = PBXFileReference; lastKnownFileType = file.xib; path = AuthenticationTextInputTableViewCell.xib; sourceTree = "<group>"; };
		F6551502279ECE470060FA67 /* AuthenticationButtonTableViewCell.swift */ = {isa = PBXFileReference; lastKnownFileType = sourcecode.swift; path = AuthenticationButtonTableViewCell.swift; sourceTree = "<group>"; };
		F6551503279ECE470060FA67 /* AuthenticationButtonTableViewCell.xib */ = {isa = PBXFileReference; lastKnownFileType = file.xib; path = AuthenticationButtonTableViewCell.xib; sourceTree = "<group>"; };
		F6551508279ECEAC0060FA67 /* NibLoadable.swift */ = {isa = PBXFileReference; lastKnownFileType = sourcecode.swift; path = NibLoadable.swift; sourceTree = "<group>"; };
		F655150C279ED1150060FA67 /* UIColor+Extension.swift */ = {isa = PBXFileReference; lastKnownFileType = sourcecode.swift; path = "UIColor+Extension.swift"; sourceTree = "<group>"; };
		F655150F279ED60A0060FA67 /* UITextField+Extension.swift */ = {isa = PBXFileReference; lastKnownFileType = sourcecode.swift; path = "UITextField+Extension.swift"; sourceTree = "<group>"; };
		F6551512279EEB180060FA67 /* Dictionary+Extension.swift */ = {isa = PBXFileReference; lastKnownFileType = sourcecode.swift; path = "Dictionary+Extension.swift"; sourceTree = "<group>"; };
		F6551515279EED700060FA67 /* String+Extension.swift */ = {isa = PBXFileReference; lastKnownFileType = sourcecode.swift; path = "String+Extension.swift"; sourceTree = "<group>"; };
		F6551518279EEE790060FA67 /* UIViewController+Extension.swift */ = {isa = PBXFileReference; lastKnownFileType = sourcecode.swift; path = "UIViewController+Extension.swift"; sourceTree = "<group>"; };
		F655151B279EEF9B0060FA67 /* AppError.swift */ = {isa = PBXFileReference; lastKnownFileType = sourcecode.swift; path = AppError.swift; sourceTree = "<group>"; };
		F655151D279F1D280060FA67 /* UserStore.swift */ = {isa = PBXFileReference; lastKnownFileType = sourcecode.swift; path = UserStore.swift; sourceTree = "<group>"; };
		F690178D279F28E700328924 /* Dashboard.storyboard */ = {isa = PBXFileReference; lastKnownFileType = file.storyboard; path = Dashboard.storyboard; sourceTree = "<group>"; };
		F6901790279F292B00328924 /* DashboardViewController.swift */ = {isa = PBXFileReference; lastKnownFileType = sourcecode.swift; path = DashboardViewController.swift; sourceTree = "<group>"; };
		F6901793279F295100328924 /* DashboardViewModel.swift */ = {isa = PBXFileReference; lastKnownFileType = sourcecode.swift; path = DashboardViewModel.swift; sourceTree = "<group>"; };
		F6901796279F297800328924 /* InvoiceRepository.swift */ = {isa = PBXFileReference; lastKnownFileType = sourcecode.swift; path = InvoiceRepository.swift; sourceTree = "<group>"; };
		F690179A279F3E2300328924 /* ReceiptRepository.swift */ = {isa = PBXFileReference; lastKnownFileType = sourcecode.swift; path = ReceiptRepository.swift; sourceTree = "<group>"; };
		F690179D279F3FE000328924 /* Expenses.storyboard */ = {isa = PBXFileReference; lastKnownFileType = file.storyboard; path = Expenses.storyboard; sourceTree = "<group>"; };
		F69017A0279F400100328924 /* AddExpensesViewController.swift */ = {isa = PBXFileReference; lastKnownFileType = sourcecode.swift; path = AddExpensesViewController.swift; sourceTree = "<group>"; };
		F69017A3279F416500328924 /* AddExpensesViewModel.swift */ = {isa = PBXFileReference; lastKnownFileType = sourcecode.swift; path = AddExpensesViewModel.swift; sourceTree = "<group>"; };
		F69017A6279F45F500328924 /* AddExpensesTableViewDataSourceDelegate.swift */ = {isa = PBXFileReference; lastKnownFileType = sourcecode.swift; path = AddExpensesTableViewDataSourceDelegate.swift; sourceTree = "<group>"; };
		F69017A8279F46E600328924 /* AddExpensesFormField.swift */ = {isa = PBXFileReference; lastKnownFileType = sourcecode.swift; path = AddExpensesFormField.swift; sourceTree = "<group>"; };
		F69017B2279F4C2900328924 /* AddExpensesTextInputTableViewCell.swift */ = {isa = PBXFileReference; lastKnownFileType = sourcecode.swift; path = AddExpensesTextInputTableViewCell.swift; sourceTree = "<group>"; };
		F69017B3279F4C2900328924 /* AddExpensesTextInputTableViewCell.xib */ = {isa = PBXFileReference; lastKnownFileType = file.xib; path = AddExpensesTextInputTableViewCell.xib; sourceTree = "<group>"; };
		F69017B6279F4C8000328924 /* AddExpensesSwitchTableViewCell.swift */ = {isa = PBXFileReference; lastKnownFileType = sourcecode.swift; path = AddExpensesSwitchTableViewCell.swift; sourceTree = "<group>"; };
		F69017B7279F4C8000328924 /* AddExpensesSwitchTableViewCell.xib */ = {isa = PBXFileReference; lastKnownFileType = file.xib; path = AddExpensesSwitchTableViewCell.xib; sourceTree = "<group>"; };
		F69017C327A07D2600328924 /* AddExpenseImageTableViewCell.swift */ = {isa = PBXFileReference; lastKnownFileType = sourcecode.swift; path = AddExpenseImageTableViewCell.swift; sourceTree = "<group>"; };
		F69017C427A07D2600328924 /* AddExpenseImageTableViewCell.xib */ = {isa = PBXFileReference; lastKnownFileType = file.xib; path = AddExpenseImageTableViewCell.xib; sourceTree = "<group>"; };
		F69017C827A0810F00328924 /* CustomImagePicker.swift */ = {isa = PBXFileReference; lastKnownFileType = sourcecode.swift; path = CustomImagePicker.swift; sourceTree = "<group>"; };
		F69017CA27A08D2000328924 /* UITextField+DatePicker.swift */ = {isa = PBXFileReference; lastKnownFileType = sourcecode.swift; path = "UITextField+DatePicker.swift"; sourceTree = "<group>"; };
		F69017CD27A0A06400328924 /* CurrencyViewController.swift */ = {isa = PBXFileReference; lastKnownFileType = sourcecode.swift; path = CurrencyViewController.swift; sourceTree = "<group>"; };
		F69017D027A0A14300328924 /* CurrencyTableViewCell.swift */ = {isa = PBXFileReference; lastKnownFileType = sourcecode.swift; path = CurrencyTableViewCell.swift; sourceTree = "<group>"; };
		F69017D427A0AA6A00328924 /* ImageRepository.swift */ = {isa = PBXFileReference; lastKnownFileType = sourcecode.swift; path = ImageRepository.swift; sourceTree = "<group>"; };
		F69017D827A0B00A00328924 /* Invoice.swift */ = {isa = PBXFileReference; lastKnownFileType = sourcecode.swift; path = Invoice.swift; sourceTree = "<group>"; };
		F69017DA27A12DBB00328924 /* InvoiceStore.swift */ = {isa = PBXFileReference; lastKnownFileType = sourcecode.swift; path = InvoiceStore.swift; sourceTree = "<group>"; };
		F69017DD27A1521500328924 /* ExpenseTableViewCell.swift */ = {isa = PBXFileReference; lastKnownFileType = sourcecode.swift; path = ExpenseTableViewCell.swift; sourceTree = "<group>"; };
		F69017E027A1532400328924 /* DashboardDataSourceDelegate.swift */ = {isa = PBXFileReference; lastKnownFileType = sourcecode.swift; path = DashboardDataSourceDelegate.swift; sourceTree = "<group>"; };
		F69017E327A153B900328924 /* Expense.swift */ = {isa = PBXFileReference; lastKnownFileType = sourcecode.swift; path = Expense.swift; sourceTree = "<group>"; };
		F69017E527A15F1200328924 /* Receipt.swift */ = {isa = PBXFileReference; lastKnownFileType = sourcecode.swift; path = Receipt.swift; sourceTree = "<group>"; };
		F69017E727A15FC800328924 /* ReceiptStore.swift */ = {isa = PBXFileReference; lastKnownFileType = sourcecode.swift; path = ReceiptStore.swift; sourceTree = "<group>"; };
/* End PBXFileReference section */

/* Begin PBXFrameworksBuildPhase section */
		F6551448279B6EEE0060FA67 /* Frameworks */ = {
			isa = PBXFrameworksBuildPhase;
			buildActionMask = 2147483647;
			files = (
				3075CABD6F3E145C511879A6 /* Pods_VE_Comerce.framework in Frameworks */,
			);
			runOnlyForDeploymentPostprocessing = 0;
		};
		F6551461279B6EEF0060FA67 /* Frameworks */ = {
			isa = PBXFrameworksBuildPhase;
			buildActionMask = 2147483647;
			files = (
			);
			runOnlyForDeploymentPostprocessing = 0;
		};
		F655146B279B6EEF0060FA67 /* Frameworks */ = {
			isa = PBXFrameworksBuildPhase;
			buildActionMask = 2147483647;
			files = (
			);
			runOnlyForDeploymentPostprocessing = 0;
		};
/* End PBXFrameworksBuildPhase section */

/* Begin PBXGroup section */
		03B1A3194B75F788024F5FD2 /* Pods */ = {
			isa = PBXGroup;
			children = (
				EF7A61DF2FB905DCAA596645 /* Pods-VE-Comerce.debug.xcconfig */,
				EB543666FEA843D41852C30C /* Pods-VE-Comerce.release.xcconfig */,
			);
			path = Pods;
			sourceTree = "<group>";
		};
		D7239F2EB0B750C8FC7CF416 /* Frameworks */ = {
			isa = PBXGroup;
			children = (
				5422C71534BF2CC744C144CF /* Pods_VE_Comerce.framework */,
			);
			name = Frameworks;
			sourceTree = "<group>";
		};
		F6551442279B6EEE0060FA67 = {
			isa = PBXGroup;
			children = (
				F655144D279B6EEE0060FA67 /* VE-Comerce */,
				F6551467279B6EEF0060FA67 /* VE-ComerceTests */,
				F6551471279B6EEF0060FA67 /* VE-ComerceUITests */,
				F655144C279B6EEE0060FA67 /* Products */,
				03B1A3194B75F788024F5FD2 /* Pods */,
				D7239F2EB0B750C8FC7CF416 /* Frameworks */,
			);
			sourceTree = "<group>";
		};
		F655144C279B6EEE0060FA67 /* Products */ = {
			isa = PBXGroup;
			children = (
				F655144B279B6EEE0060FA67 /* VE-Comerce.app */,
				F6551464279B6EEF0060FA67 /* VE-ComerceTests.xctest */,
				F655146E279B6EEF0060FA67 /* VE-ComerceUITests.xctest */,
			);
			name = Products;
			sourceTree = "<group>";
		};
		F655144D279B6EEE0060FA67 /* VE-Comerce */ = {
			isa = PBXGroup;
			children = (
				F6551485279B6F6A0060FA67 /* Application */,
				F6551481279B6F460060FA67 /* Model */,
				F6551484279B6F600060FA67 /* View */,
				F6551482279B6F4B0060FA67 /* ViewModel */,
				F6551496279B7B830060FA67 /* Repository */,
				F655149D279B7E400060FA67 /* Extension */,
				F6551483279B6F560060FA67 /* Utilities */,
				F655145A279B6EEF0060FA67 /* Assets.xcassets */,
				F655145C279B6EEF0060FA67 /* LaunchScreen.storyboard */,
				F6551457279B6EEE0060FA67 /* VE_Comerce.xcdatamodeld */,
			);
			path = "VE-Comerce";
			sourceTree = "<group>";
		};
		F6551467279B6EEF0060FA67 /* VE-ComerceTests */ = {
			isa = PBXGroup;
			children = (
				F6551468279B6EEF0060FA67 /* VE_ComerceTests.swift */,
			);
			path = "VE-ComerceTests";
			sourceTree = "<group>";
		};
		F6551471279B6EEF0060FA67 /* VE-ComerceUITests */ = {
			isa = PBXGroup;
			children = (
				F6551472279B6EEF0060FA67 /* VE_ComerceUITests.swift */,
				F6551474279B6EEF0060FA67 /* VE_ComerceUITestsLaunchTests.swift */,
			);
			path = "VE-ComerceUITests";
			sourceTree = "<group>";
		};
		F6551481279B6F460060FA67 /* Model */ = {
			isa = PBXGroup;
			children = (
				F69017E227A153AB00328924 /* Expense */,
				F69017D727A0AFEE00328924 /* Receipt */,
				F69017D627A0AFE900328924 /* Invoice */,
				F655151A279EEF7C0060FA67 /* AppError */,
				F6551493279B79320060FA67 /* User */,
			);
			path = Model;
			sourceTree = "<group>";
		};
		F6551482279B6F4B0060FA67 /* ViewModel */ = {
			isa = PBXGroup;
			children = (
				F69017A2279F415700328924 /* AddExpenses */,
				F6901792279F294300328924 /* Dashboard */,
				F65514A0279B7EBA0060FA67 /* Register */,
				F6551490279B77C70060FA67 /* Authentication */,
			);
			path = ViewModel;
			sourceTree = "<group>";
		};
		F6551483279B6F560060FA67 /* Utilities */ = {
			isa = PBXGroup;
			children = (
				F69017C727A080ED00328924 /* CustomImagePicker */,
				F655149C279B7E340060FA67 /* Reusable */,
				F655148D279B72BC0060FA67 /* Observable */,
			);
			path = Utilities;
			sourceTree = "<group>";
		};
		F6551484279B6F600060FA67 /* View */ = {
			isa = PBXGroup;
			children = (
				F690179C279F3FAE00328924 /* Expenses */,
				F690178C279F28DD00328924 /* Dashboard */,
				F6551486279B705C0060FA67 /* Authentication */,
			);
			path = View;
			sourceTree = "<group>";
		};
		F6551485279B6F6A0060FA67 /* Application */ = {
			isa = PBXGroup;
			children = (
				F655144E279B6EEE0060FA67 /* AppDelegate.swift */,
			);
			path = Application;
			sourceTree = "<group>";
		};
		F6551486279B705C0060FA67 /* Authentication */ = {
			isa = PBXGroup;
			children = (
				F65514EE279E9E880060FA67 /* Additional Files */,
				F6551488279B70780060FA67 /* Login */,
				F6551487279B70710060FA67 /* Register */,
				F6551489279B70930060FA67 /* Authentication.storyboard */,
			);
			path = Authentication;
			sourceTree = "<group>";
		};
		F6551487279B70710060FA67 /* Register */ = {
			isa = PBXGroup;
			children = (
				F655149A279B7DF50060FA67 /* RegisterViewController.swift */,
			);
			path = Register;
			sourceTree = "<group>";
		};
		F6551488279B70780060FA67 /* Login */ = {
			isa = PBXGroup;
			children = (
				F655148B279B70B40060FA67 /* LoginViewController.swift */,
			);
			path = Login;
			sourceTree = "<group>";
		};
		F655148D279B72BC0060FA67 /* Observable */ = {
			isa = PBXGroup;
			children = (
				F655148E279B72C80060FA67 /* Observable.swift */,
			);
			path = Observable;
			sourceTree = "<group>";
		};
		F6551490279B77C70060FA67 /* Authentication */ = {
			isa = PBXGroup;
			children = (
				F6551491279B77DF0060FA67 /* AuthenticationViewModel.swift */,
			);
			path = Authentication;
			sourceTree = "<group>";
		};
		F6551493279B79320060FA67 /* User */ = {
			isa = PBXGroup;
			children = (
				F6551494279B793D0060FA67 /* User.swift */,
			);
			path = User;
			sourceTree = "<group>";
		};
		F6551496279B7B830060FA67 /* Repository */ = {
			isa = PBXGroup;
			children = (
				F69017D227A0A99C00328924 /* Image */,
				F6901799279F3E1500328924 /* Receipt */,
				F6901795279F296B00328924 /* Invoice */,
				F6551497279B7B940060FA67 /* Authentication */,
			);
			path = Repository;
			sourceTree = "<group>";
		};
		F6551497279B7B940060FA67 /* Authentication */ = {
			isa = PBXGroup;
			children = (
				F6551498279B7BA60060FA67 /* AuthenticationRepository.swift */,
				F655151D279F1D280060FA67 /* UserStore.swift */,
			);
			path = Authentication;
			sourceTree = "<group>";
		};
		F655149C279B7E340060FA67 /* Reusable */ = {
			isa = PBXGroup;
			children = (
				F65514F1279EA9770060FA67 /* Reusable.swift */,
				F65514F3279EA9A50060FA67 /* UITableView+Reusable.swift */,
				F6551508279ECEAC0060FA67 /* NibLoadable.swift */,
			);
			path = Reusable;
			sourceTree = "<group>";
		};
		F655149D279B7E400060FA67 /* Extension */ = {
			isa = PBXGroup;
			children = (
				F6551517279EEE6C0060FA67 /* UIViewController */,
				F6551514279EED590060FA67 /* String */,
				F6551511279EEAE40060FA67 /* Dictionary */,
				F655150E279ED5FA0060FA67 /* UITextField */,
				F655150B279ED1000060FA67 /* UIStoryboard */,
				F655150A279ED0FB0060FA67 /* UIColor */,
				F65514F6279EBD230060FA67 /* UITableViewCell */,
			);
			path = Extension;
			sourceTree = "<group>";
		};
		F65514A0279B7EBA0060FA67 /* Register */ = {
			isa = PBXGroup;
			children = (
				F65514A1279B7EC60060FA67 /* RegisterViewModel.swift */,
			);
			path = Register;
			sourceTree = "<group>";
		};
		F65514E7279E9E360060FA67 /* TableViewCells */ = {
			isa = PBXGroup;
			children = (
				F6551507279ECE520060FA67 /* Button */,
				F6551506279ECE490060FA67 /* TextInput */,
			);
			path = TableViewCells;
			sourceTree = "<group>";
		};
		F65514EE279E9E880060FA67 /* Additional Files */ = {
			isa = PBXGroup;
			children = (
				F65514E7279E9E360060FA67 /* TableViewCells */,
				F65514EC279E9E810060FA67 /* AuthenticationTableViewDataSourceDelegate.swift */,
				F65514EF279EA4DB0060FA67 /* AuthenticationFormField.swift */,
			);
			path = "Additional Files";
			sourceTree = "<group>";
		};
		F65514F6279EBD230060FA67 /* UITableViewCell */ = {
			isa = PBXGroup;
			children = (
				F65514F7279EBD3F0060FA67 /* UITableViewCell+Extension.swift */,
			);
			path = UITableViewCell;
			sourceTree = "<group>";
		};
		F6551506279ECE490060FA67 /* TextInput */ = {
			isa = PBXGroup;
			children = (
				F65514FE279ECE340060FA67 /* AuthenticationTextInputTableViewCell.swift */,
				F65514FF279ECE340060FA67 /* AuthenticationTextInputTableViewCell.xib */,
			);
			path = TextInput;
			sourceTree = "<group>";
		};
		F6551507279ECE520060FA67 /* Button */ = {
			isa = PBXGroup;
			children = (
				F6551502279ECE470060FA67 /* AuthenticationButtonTableViewCell.swift */,
				F6551503279ECE470060FA67 /* AuthenticationButtonTableViewCell.xib */,
			);
			path = Button;
			sourceTree = "<group>";
		};
		F655150A279ED0FB0060FA67 /* UIColor */ = {
			isa = PBXGroup;
			children = (
				F655150C279ED1150060FA67 /* UIColor+Extension.swift */,
			);
			path = UIColor;
			sourceTree = "<group>";
		};
		F655150B279ED1000060FA67 /* UIStoryboard */ = {
			isa = PBXGroup;
			children = (
				F655149E279B7E650060FA67 /* UIStoryboard+Extension.swift */,
			);
			path = UIStoryboard;
			sourceTree = "<group>";
		};
		F655150E279ED5FA0060FA67 /* UITextField */ = {
			isa = PBXGroup;
			children = (
				F655150F279ED60A0060FA67 /* UITextField+Extension.swift */,
				F69017CA27A08D2000328924 /* UITextField+DatePicker.swift */,
			);
			path = UITextField;
			sourceTree = "<group>";
		};
		F6551511279EEAE40060FA67 /* Dictionary */ = {
			isa = PBXGroup;
			children = (
				F6551512279EEB180060FA67 /* Dictionary+Extension.swift */,
			);
			path = Dictionary;
			sourceTree = "<group>";
		};
		F6551514279EED590060FA67 /* String */ = {
			isa = PBXGroup;
			children = (
				F6551515279EED700060FA67 /* String+Extension.swift */,
			);
			path = String;
			sourceTree = "<group>";
		};
		F6551517279EEE6C0060FA67 /* UIViewController */ = {
			isa = PBXGroup;
			children = (
				F6551518279EEE790060FA67 /* UIViewController+Extension.swift */,
			);
			path = UIViewController;
			sourceTree = "<group>";
		};
		F655151A279EEF7C0060FA67 /* AppError */ = {
			isa = PBXGroup;
			children = (
				F655151B279EEF9B0060FA67 /* AppError.swift */,
			);
			path = AppError;
			sourceTree = "<group>";
		};
		F690178C279F28DD00328924 /* Dashboard */ = {
			isa = PBXGroup;
			children = (
				F690178F279F291A00328924 /* Dashboard */,
				F690178D279F28E700328924 /* Dashboard.storyboard */,
			);
			path = Dashboard;
			sourceTree = "<group>";
		};
		F690178F279F291A00328924 /* Dashboard */ = {
			isa = PBXGroup;
			children = (
				F69017DF27A1530D00328924 /* Additional Files */,
				F6901790279F292B00328924 /* DashboardViewController.swift */,
			);
			path = Dashboard;
			sourceTree = "<group>";
		};
		F6901792279F294300328924 /* Dashboard */ = {
			isa = PBXGroup;
			children = (
				F6901793279F295100328924 /* DashboardViewModel.swift */,
			);
			path = Dashboard;
			sourceTree = "<group>";
		};
		F6901795279F296B00328924 /* Invoice */ = {
			isa = PBXGroup;
			children = (
				F6901796279F297800328924 /* InvoiceRepository.swift */,
				F69017DA27A12DBB00328924 /* InvoiceStore.swift */,
			);
			path = Invoice;
			sourceTree = "<group>";
		};
		F6901799279F3E1500328924 /* Receipt */ = {
			isa = PBXGroup;
			children = (
				F690179A279F3E2300328924 /* ReceiptRepository.swift */,
				F69017E727A15FC800328924 /* ReceiptStore.swift */,
			);
			path = Receipt;
			sourceTree = "<group>";
		};
		F690179C279F3FAE00328924 /* Expenses */ = {
			isa = PBXGroup;
			children = (
				F69017CC27A0A05000328924 /* Currency */,
				F690179F279F3FEE00328924 /* AddExpenses */,
				F690179D279F3FE000328924 /* Expenses.storyboard */,
			);
			path = Expenses;
			sourceTree = "<group>";
		};
		F690179F279F3FEE00328924 /* AddExpenses */ = {
			isa = PBXGroup;
			children = (
				F69017A5279F43FF00328924 /* Additional Files */,
				F69017A0279F400100328924 /* AddExpensesViewController.swift */,
			);
			path = AddExpenses;
			sourceTree = "<group>";
		};
		F69017A2279F415700328924 /* AddExpenses */ = {
			isa = PBXGroup;
			children = (
				F69017A3279F416500328924 /* AddExpensesViewModel.swift */,
			);
			path = AddExpenses;
			sourceTree = "<group>";
		};
		F69017A5279F43FF00328924 /* Additional Files */ = {
			isa = PBXGroup;
			children = (
				F69017AA279F4A5800328924 /* TableViewCells */,
				F69017A6279F45F500328924 /* AddExpensesTableViewDataSourceDelegate.swift */,
				F69017A8279F46E600328924 /* AddExpensesFormField.swift */,
			);
			path = "Additional Files";
			sourceTree = "<group>";
		};
		F69017AA279F4A5800328924 /* TableViewCells */ = {
			isa = PBXGroup;
			children = (
				F69017C227A07D1200328924 /* Image */,
				F69017AC279F4ABB00328924 /* TextInput */,
				F69017AB279F4AB200328924 /* Switch */,
			);
			path = TableViewCells;
			sourceTree = "<group>";
		};
		F69017AB279F4AB200328924 /* Switch */ = {
			isa = PBXGroup;
			children = (
				F69017B6279F4C8000328924 /* AddExpensesSwitchTableViewCell.swift */,
				F69017B7279F4C8000328924 /* AddExpensesSwitchTableViewCell.xib */,
			);
			path = Switch;
			sourceTree = "<group>";
		};
		F69017AC279F4ABB00328924 /* TextInput */ = {
			isa = PBXGroup;
			children = (
				F69017B2279F4C2900328924 /* AddExpensesTextInputTableViewCell.swift */,
				F69017B3279F4C2900328924 /* AddExpensesTextInputTableViewCell.xib */,
			);
			path = TextInput;
			sourceTree = "<group>";
		};
		F69017C227A07D1200328924 /* Image */ = {
			isa = PBXGroup;
			children = (
				F69017C327A07D2600328924 /* AddExpenseImageTableViewCell.swift */,
				F69017C427A07D2600328924 /* AddExpenseImageTableViewCell.xib */,
			);
			path = Image;
			sourceTree = "<group>";
		};
		F69017C727A080ED00328924 /* CustomImagePicker */ = {
			isa = PBXGroup;
			children = (
				F69017C827A0810F00328924 /* CustomImagePicker.swift */,
			);
			path = CustomImagePicker;
			sourceTree = "<group>";
		};
		F69017CC27A0A05000328924 /* Currency */ = {
			isa = PBXGroup;
			children = (
				F69017CF27A0A12700328924 /* TableViewCell */,
				F69017CD27A0A06400328924 /* CurrencyViewController.swift */,
			);
			path = Currency;
			sourceTree = "<group>";
		};
		F69017CF27A0A12700328924 /* TableViewCell */ = {
			isa = PBXGroup;
			children = (
				F69017D027A0A14300328924 /* CurrencyTableViewCell.swift */,
			);
			path = TableViewCell;
			sourceTree = "<group>";
		};
		F69017D227A0A99C00328924 /* Image */ = {
			isa = PBXGroup;
			children = (
				F69017D427A0AA6A00328924 /* ImageRepository.swift */,
			);
			path = Image;
			sourceTree = "<group>";
		};
		F69017D627A0AFE900328924 /* Invoice */ = {
			isa = PBXGroup;
			children = (
				F69017D827A0B00A00328924 /* Invoice.swift */,
			);
			path = Invoice;
			sourceTree = "<group>";
		};
		F69017D727A0AFEE00328924 /* Receipt */ = {
			isa = PBXGroup;
			children = (
				F69017E527A15F1200328924 /* Receipt.swift */,
			);
			path = Receipt;
			sourceTree = "<group>";
		};
		F69017DC27A1512700328924 /* TableViewCells */ = {
			isa = PBXGroup;
			children = (
				F69017DD27A1521500328924 /* ExpenseTableViewCell.swift */,
			);
			path = TableViewCells;
			sourceTree = "<group>";
		};
		F69017DF27A1530D00328924 /* Additional Files */ = {
			isa = PBXGroup;
			children = (
				F69017DC27A1512700328924 /* TableViewCells */,
				F69017E027A1532400328924 /* DashboardDataSourceDelegate.swift */,
			);
			path = "Additional Files";
			sourceTree = "<group>";
		};
		F69017E227A153AB00328924 /* Expense */ = {
			isa = PBXGroup;
			children = (
				F69017E327A153B900328924 /* Expense.swift */,
			);
			path = Expense;
			sourceTree = "<group>";
		};
/* End PBXGroup section */

/* Begin PBXNativeTarget section */
		F655144A279B6EEE0060FA67 /* VE-Comerce */ = {
			isa = PBXNativeTarget;
			buildConfigurationList = F6551478279B6EEF0060FA67 /* Build configuration list for PBXNativeTarget "VE-Comerce" */;
			buildPhases = (
				A984F5F3C26D03F1D08C5729 /* [CP] Check Pods Manifest.lock */,
				F6551447279B6EEE0060FA67 /* Sources */,
				F6551448279B6EEE0060FA67 /* Frameworks */,
				F6551449279B6EEE0060FA67 /* Resources */,
				26A59C8A2820891667F37F26 /* [CP] Embed Pods Frameworks */,
			);
			buildRules = (
			);
			dependencies = (
			);
			name = "VE-Comerce";
			productName = "VE-Comerce";
			productReference = F655144B279B6EEE0060FA67 /* VE-Comerce.app */;
			productType = "com.apple.product-type.application";
		};
		F6551463279B6EEF0060FA67 /* VE-ComerceTests */ = {
			isa = PBXNativeTarget;
			buildConfigurationList = F655147B279B6EEF0060FA67 /* Build configuration list for PBXNativeTarget "VE-ComerceTests" */;
			buildPhases = (
				F6551460279B6EEF0060FA67 /* Sources */,
				F6551461279B6EEF0060FA67 /* Frameworks */,
				F6551462279B6EEF0060FA67 /* Resources */,
			);
			buildRules = (
			);
			dependencies = (
				F6551466279B6EEF0060FA67 /* PBXTargetDependency */,
			);
			name = "VE-ComerceTests";
			productName = "VE-ComerceTests";
			productReference = F6551464279B6EEF0060FA67 /* VE-ComerceTests.xctest */;
			productType = "com.apple.product-type.bundle.unit-test";
		};
		F655146D279B6EEF0060FA67 /* VE-ComerceUITests */ = {
			isa = PBXNativeTarget;
			buildConfigurationList = F655147E279B6EEF0060FA67 /* Build configuration list for PBXNativeTarget "VE-ComerceUITests" */;
			buildPhases = (
				F655146A279B6EEF0060FA67 /* Sources */,
				F655146B279B6EEF0060FA67 /* Frameworks */,
				F655146C279B6EEF0060FA67 /* Resources */,
			);
			buildRules = (
			);
			dependencies = (
				F6551470279B6EEF0060FA67 /* PBXTargetDependency */,
			);
			name = "VE-ComerceUITests";
			productName = "VE-ComerceUITests";
			productReference = F655146E279B6EEF0060FA67 /* VE-ComerceUITests.xctest */;
			productType = "com.apple.product-type.bundle.ui-testing";
		};
/* End PBXNativeTarget section */

/* Begin PBXProject section */
		F6551443279B6EEE0060FA67 /* Project object */ = {
			isa = PBXProject;
			attributes = {
				BuildIndependentTargetsInParallel = 1;
				LastSwiftUpdateCheck = 1320;
				LastUpgradeCheck = 1320;
				TargetAttributes = {
					F655144A279B6EEE0060FA67 = {
						CreatedOnToolsVersion = 13.2.1;
					};
					F6551463279B6EEF0060FA67 = {
						CreatedOnToolsVersion = 13.2.1;
						TestTargetID = F655144A279B6EEE0060FA67;
					};
					F655146D279B6EEF0060FA67 = {
						CreatedOnToolsVersion = 13.2.1;
						TestTargetID = F655144A279B6EEE0060FA67;
					};
				};
			};
			buildConfigurationList = F6551446279B6EEE0060FA67 /* Build configuration list for PBXProject "VE-Comerce" */;
			compatibilityVersion = "Xcode 13.0";
			developmentRegion = en;
			hasScannedForEncodings = 0;
			knownRegions = (
				en,
				Base,
			);
			mainGroup = F6551442279B6EEE0060FA67;
			productRefGroup = F655144C279B6EEE0060FA67 /* Products */;
			projectDirPath = "";
			projectRoot = "";
			targets = (
				F655144A279B6EEE0060FA67 /* VE-Comerce */,
				F6551463279B6EEF0060FA67 /* VE-ComerceTests */,
				F655146D279B6EEF0060FA67 /* VE-ComerceUITests */,
			);
		};
/* End PBXProject section */

/* Begin PBXResourcesBuildPhase section */
		F6551449279B6EEE0060FA67 /* Resources */ = {
			isa = PBXResourcesBuildPhase;
			buildActionMask = 2147483647;
			files = (
				F69017B5279F4C2900328924 /* AddExpensesTextInputTableViewCell.xib in Resources */,
				F655148A279B70930060FA67 /* Authentication.storyboard in Resources */,
				F690178E279F28E700328924 /* Dashboard.storyboard in Resources */,
				F6551505279ECE470060FA67 /* AuthenticationButtonTableViewCell.xib in Resources */,
				F6551501279ECE340060FA67 /* AuthenticationTextInputTableViewCell.xib in Resources */,
				F69017B9279F4C8000328924 /* AddExpensesSwitchTableViewCell.xib in Resources */,
				F655145E279B6EEF0060FA67 /* LaunchScreen.storyboard in Resources */,
				F69017C627A07D2600328924 /* AddExpenseImageTableViewCell.xib in Resources */,
				F690179E279F3FE000328924 /* Expenses.storyboard in Resources */,
				F655145B279B6EEF0060FA67 /* Assets.xcassets in Resources */,
			);
			runOnlyForDeploymentPostprocessing = 0;
		};
		F6551462279B6EEF0060FA67 /* Resources */ = {
			isa = PBXResourcesBuildPhase;
			buildActionMask = 2147483647;
			files = (
			);
			runOnlyForDeploymentPostprocessing = 0;
		};
		F655146C279B6EEF0060FA67 /* Resources */ = {
			isa = PBXResourcesBuildPhase;
			buildActionMask = 2147483647;
			files = (
			);
			runOnlyForDeploymentPostprocessing = 0;
		};
/* End PBXResourcesBuildPhase section */

/* Begin PBXShellScriptBuildPhase section */
		26A59C8A2820891667F37F26 /* [CP] Embed Pods Frameworks */ = {
			isa = PBXShellScriptBuildPhase;
			buildActionMask = 2147483647;
			files = (
			);
			inputFileListPaths = (
				"${PODS_ROOT}/Target Support Files/Pods-VE-Comerce/Pods-VE-Comerce-frameworks-${CONFIGURATION}-input-files.xcfilelist",
			);
			name = "[CP] Embed Pods Frameworks";
			outputFileListPaths = (
				"${PODS_ROOT}/Target Support Files/Pods-VE-Comerce/Pods-VE-Comerce-frameworks-${CONFIGURATION}-output-files.xcfilelist",
			);
			runOnlyForDeploymentPostprocessing = 0;
			shellPath = /bin/sh;
			shellScript = "\"${PODS_ROOT}/Target Support Files/Pods-VE-Comerce/Pods-VE-Comerce-frameworks.sh\"\n";
			showEnvVarsInLog = 0;
		};
		A984F5F3C26D03F1D08C5729 /* [CP] Check Pods Manifest.lock */ = {
			isa = PBXShellScriptBuildPhase;
			buildActionMask = 2147483647;
			files = (
			);
			inputFileListPaths = (
			);
			inputPaths = (
				"${PODS_PODFILE_DIR_PATH}/Podfile.lock",
				"${PODS_ROOT}/Manifest.lock",
			);
			name = "[CP] Check Pods Manifest.lock";
			outputFileListPaths = (
			);
			outputPaths = (
				"$(DERIVED_FILE_DIR)/Pods-VE-Comerce-checkManifestLockResult.txt",
			);
			runOnlyForDeploymentPostprocessing = 0;
			shellPath = /bin/sh;
			shellScript = "diff \"${PODS_PODFILE_DIR_PATH}/Podfile.lock\" \"${PODS_ROOT}/Manifest.lock\" > /dev/null\nif [ $? != 0 ] ; then\n    # print error to STDERR\n    echo \"error: The sandbox is not in sync with the Podfile.lock. Run 'pod install' or update your CocoaPods installation.\" >&2\n    exit 1\nfi\n# This output is used by Xcode 'outputs' to avoid re-running this script phase.\necho \"SUCCESS\" > \"${SCRIPT_OUTPUT_FILE_0}\"\n";
			showEnvVarsInLog = 0;
		};
/* End PBXShellScriptBuildPhase section */

/* Begin PBXSourcesBuildPhase section */
		F6551447279B6EEE0060FA67 /* Sources */ = {
			isa = PBXSourcesBuildPhase;
			buildActionMask = 2147483647;
			files = (
				F655148F279B72C80060FA67 /* Observable.swift in Sources */,
				F690179B279F3E2300328924 /* ReceiptRepository.swift in Sources */,
				F655150D279ED1150060FA67 /* UIColor+Extension.swift in Sources */,
				F69017A4279F416500328924 /* AddExpensesViewModel.swift in Sources */,
				F69017A7279F45F500328924 /* AddExpensesTableViewDataSourceDelegate.swift in Sources */,
				F69017C527A07D2600328924 /* AddExpenseImageTableViewCell.swift in Sources */,
				F65514A2279B7EC60060FA67 /* RegisterViewModel.swift in Sources */,
				F69017E827A15FC800328924 /* ReceiptStore.swift in Sources */,
				F6901794279F295100328924 /* DashboardViewModel.swift in Sources */,
				F69017DE27A1521500328924 /* ExpenseTableViewCell.swift in Sources */,
				F6551504279ECE470060FA67 /* AuthenticationButtonTableViewCell.swift in Sources */,
				F6551509279ECEAC0060FA67 /* NibLoadable.swift in Sources */,
				F69017CE27A0A06400328924 /* CurrencyViewController.swift in Sources */,
				F69017A1279F400100328924 /* AddExpensesViewController.swift in Sources */,
				F6551510279ED60A0060FA67 /* UITextField+Extension.swift in Sources */,
				F69017B4279F4C2900328924 /* AddExpensesTextInputTableViewCell.swift in Sources */,
				F6551492279B77DF0060FA67 /* AuthenticationViewModel.swift in Sources */,
				F6901797279F297800328924 /* InvoiceRepository.swift in Sources */,
				F6901791279F292B00328924 /* DashboardViewController.swift in Sources */,
				F6551519279EEE790060FA67 /* UIViewController+Extension.swift in Sources */,
				F6551500279ECE340060FA67 /* AuthenticationTextInputTableViewCell.swift in Sources */,
				F6551513279EEB180060FA67 /* Dictionary+Extension.swift in Sources */,
				F69017CB27A08D2000328924 /* UITextField+DatePicker.swift in Sources */,
				F65514F4279EA9A50060FA67 /* UITableView+Reusable.swift in Sources */,
				F69017DB27A12DBB00328924 /* InvoiceStore.swift in Sources */,
				F65514F8279EBD3F0060FA67 /* UITableViewCell+Extension.swift in Sources */,
				F65514F0279EA4DB0060FA67 /* AuthenticationFormField.swift in Sources */,
				F6551516279EED700060FA67 /* String+Extension.swift in Sources */,
				F69017C927A0810F00328924 /* CustomImagePicker.swift in Sources */,
				F6551495279B793D0060FA67 /* User.swift in Sources */,
				F655149B279B7DF50060FA67 /* RegisterViewController.swift in Sources */,
				F69017E127A1532400328924 /* DashboardDataSourceDelegate.swift in Sources */,
				F69017D527A0AA6A00328924 /* ImageRepository.swift in Sources */,
				F69017D127A0A14300328924 /* CurrencyTableViewCell.swift in Sources */,
				F655151E279F1D280060FA67 /* UserStore.swift in Sources */,
				F69017D927A0B00A00328924 /* Invoice.swift in Sources */,
				F655148C279B70B40060FA67 /* LoginViewController.swift in Sources */,
				F65514ED279E9E810060FA67 /* AuthenticationTableViewDataSourceDelegate.swift in Sources */,
				F65514F2279EA9770060FA67 /* Reusable.swift in Sources */,
				F655144F279B6EEE0060FA67 /* AppDelegate.swift in Sources */,
				F655151C279EEF9B0060FA67 /* AppError.swift in Sources */,
				F69017A9279F46E600328924 /* AddExpensesFormField.swift in Sources */,
				F69017B8279F4C8000328924 /* AddExpensesSwitchTableViewCell.swift in Sources */,
				F69017E427A153B900328924 /* Expense.swift in Sources */,
				F6551459279B6EEE0060FA67 /* VE_Comerce.xcdatamodeld in Sources */,
				F69017E627A15F1200328924 /* Receipt.swift in Sources */,
				F6551499279B7BA60060FA67 /* AuthenticationRepository.swift in Sources */,
				F655149F279B7E650060FA67 /* UIStoryboard+Extension.swift in Sources */,
			);
			runOnlyForDeploymentPostprocessing = 0;
		};
		F6551460279B6EEF0060FA67 /* Sources */ = {
			isa = PBXSourcesBuildPhase;
			buildActionMask = 2147483647;
			files = (
				F6551469279B6EEF0060FA67 /* VE_ComerceTests.swift in Sources */,
			);
			runOnlyForDeploymentPostprocessing = 0;
		};
		F655146A279B6EEF0060FA67 /* Sources */ = {
			isa = PBXSourcesBuildPhase;
			buildActionMask = 2147483647;
			files = (
				F6551475279B6EEF0060FA67 /* VE_ComerceUITestsLaunchTests.swift in Sources */,
				F6551473279B6EEF0060FA67 /* VE_ComerceUITests.swift in Sources */,
			);
			runOnlyForDeploymentPostprocessing = 0;
		};
/* End PBXSourcesBuildPhase section */

/* Begin PBXTargetDependency section */
		F6551466279B6EEF0060FA67 /* PBXTargetDependency */ = {
			isa = PBXTargetDependency;
			target = F655144A279B6EEE0060FA67 /* VE-Comerce */;
			targetProxy = F6551465279B6EEF0060FA67 /* PBXContainerItemProxy */;
		};
		F6551470279B6EEF0060FA67 /* PBXTargetDependency */ = {
			isa = PBXTargetDependency;
			target = F655144A279B6EEE0060FA67 /* VE-Comerce */;
			targetProxy = F655146F279B6EEF0060FA67 /* PBXContainerItemProxy */;
		};
/* End PBXTargetDependency section */

/* Begin PBXVariantGroup section */
		F655145C279B6EEF0060FA67 /* LaunchScreen.storyboard */ = {
			isa = PBXVariantGroup;
			children = (
				F655145D279B6EEF0060FA67 /* Base */,
			);
			name = LaunchScreen.storyboard;
			sourceTree = "<group>";
		};
/* End PBXVariantGroup section */

/* Begin XCBuildConfiguration section */
		F6551476279B6EEF0060FA67 /* Debug */ = {
			isa = XCBuildConfiguration;
			buildSettings = {
				ALWAYS_SEARCH_USER_PATHS = NO;
				CLANG_ANALYZER_NONNULL = YES;
				CLANG_ANALYZER_NUMBER_OBJECT_CONVERSION = YES_AGGRESSIVE;
				CLANG_CXX_LANGUAGE_STANDARD = "gnu++17";
				CLANG_CXX_LIBRARY = "libc++";
				CLANG_ENABLE_MODULES = YES;
				CLANG_ENABLE_OBJC_ARC = YES;
				CLANG_ENABLE_OBJC_WEAK = YES;
				CLANG_WARN_BLOCK_CAPTURE_AUTORELEASING = YES;
				CLANG_WARN_BOOL_CONVERSION = YES;
				CLANG_WARN_COMMA = YES;
				CLANG_WARN_CONSTANT_CONVERSION = YES;
				CLANG_WARN_DEPRECATED_OBJC_IMPLEMENTATIONS = YES;
				CLANG_WARN_DIRECT_OBJC_ISA_USAGE = YES_ERROR;
				CLANG_WARN_DOCUMENTATION_COMMENTS = YES;
				CLANG_WARN_EMPTY_BODY = YES;
				CLANG_WARN_ENUM_CONVERSION = YES;
				CLANG_WARN_INFINITE_RECURSION = YES;
				CLANG_WARN_INT_CONVERSION = YES;
				CLANG_WARN_NON_LITERAL_NULL_CONVERSION = YES;
				CLANG_WARN_OBJC_IMPLICIT_RETAIN_SELF = YES;
				CLANG_WARN_OBJC_LITERAL_CONVERSION = YES;
				CLANG_WARN_OBJC_ROOT_CLASS = YES_ERROR;
				CLANG_WARN_QUOTED_INCLUDE_IN_FRAMEWORK_HEADER = YES;
				CLANG_WARN_RANGE_LOOP_ANALYSIS = YES;
				CLANG_WARN_STRICT_PROTOTYPES = YES;
				CLANG_WARN_SUSPICIOUS_MOVE = YES;
				CLANG_WARN_UNGUARDED_AVAILABILITY = YES_AGGRESSIVE;
				CLANG_WARN_UNREACHABLE_CODE = YES;
				CLANG_WARN__DUPLICATE_METHOD_MATCH = YES;
				COPY_PHASE_STRIP = NO;
				DEBUG_INFORMATION_FORMAT = dwarf;
				ENABLE_STRICT_OBJC_MSGSEND = YES;
				ENABLE_TESTABILITY = YES;
				GCC_C_LANGUAGE_STANDARD = gnu11;
				GCC_DYNAMIC_NO_PIC = NO;
				GCC_NO_COMMON_BLOCKS = YES;
				GCC_OPTIMIZATION_LEVEL = 0;
				GCC_PREPROCESSOR_DEFINITIONS = (
					"DEBUG=1",
					"$(inherited)",
				);
				GCC_WARN_64_TO_32_BIT_CONVERSION = YES;
				GCC_WARN_ABOUT_RETURN_TYPE = YES_ERROR;
				GCC_WARN_UNDECLARED_SELECTOR = YES;
				GCC_WARN_UNINITIALIZED_AUTOS = YES_AGGRESSIVE;
				GCC_WARN_UNUSED_FUNCTION = YES;
				GCC_WARN_UNUSED_VARIABLE = YES;
				IPHONEOS_DEPLOYMENT_TARGET = 15.2;
				MTL_ENABLE_DEBUG_INFO = INCLUDE_SOURCE;
				MTL_FAST_MATH = YES;
				ONLY_ACTIVE_ARCH = YES;
				SDKROOT = iphoneos;
				SWIFT_ACTIVE_COMPILATION_CONDITIONS = DEBUG;
				SWIFT_OPTIMIZATION_LEVEL = "-Onone";
			};
			name = Debug;
		};
		F6551477279B6EEF0060FA67 /* Release */ = {
			isa = XCBuildConfiguration;
			buildSettings = {
				ALWAYS_SEARCH_USER_PATHS = NO;
				CLANG_ANALYZER_NONNULL = YES;
				CLANG_ANALYZER_NUMBER_OBJECT_CONVERSION = YES_AGGRESSIVE;
				CLANG_CXX_LANGUAGE_STANDARD = "gnu++17";
				CLANG_CXX_LIBRARY = "libc++";
				CLANG_ENABLE_MODULES = YES;
				CLANG_ENABLE_OBJC_ARC = YES;
				CLANG_ENABLE_OBJC_WEAK = YES;
				CLANG_WARN_BLOCK_CAPTURE_AUTORELEASING = YES;
				CLANG_WARN_BOOL_CONVERSION = YES;
				CLANG_WARN_COMMA = YES;
				CLANG_WARN_CONSTANT_CONVERSION = YES;
				CLANG_WARN_DEPRECATED_OBJC_IMPLEMENTATIONS = YES;
				CLANG_WARN_DIRECT_OBJC_ISA_USAGE = YES_ERROR;
				CLANG_WARN_DOCUMENTATION_COMMENTS = YES;
				CLANG_WARN_EMPTY_BODY = YES;
				CLANG_WARN_ENUM_CONVERSION = YES;
				CLANG_WARN_INFINITE_RECURSION = YES;
				CLANG_WARN_INT_CONVERSION = YES;
				CLANG_WARN_NON_LITERAL_NULL_CONVERSION = YES;
				CLANG_WARN_OBJC_IMPLICIT_RETAIN_SELF = YES;
				CLANG_WARN_OBJC_LITERAL_CONVERSION = YES;
				CLANG_WARN_OBJC_ROOT_CLASS = YES_ERROR;
				CLANG_WARN_QUOTED_INCLUDE_IN_FRAMEWORK_HEADER = YES;
				CLANG_WARN_RANGE_LOOP_ANALYSIS = YES;
				CLANG_WARN_STRICT_PROTOTYPES = YES;
				CLANG_WARN_SUSPICIOUS_MOVE = YES;
				CLANG_WARN_UNGUARDED_AVAILABILITY = YES_AGGRESSIVE;
				CLANG_WARN_UNREACHABLE_CODE = YES;
				CLANG_WARN__DUPLICATE_METHOD_MATCH = YES;
				COPY_PHASE_STRIP = NO;
				DEBUG_INFORMATION_FORMAT = "dwarf-with-dsym";
				ENABLE_NS_ASSERTIONS = NO;
				ENABLE_STRICT_OBJC_MSGSEND = YES;
				GCC_C_LANGUAGE_STANDARD = gnu11;
				GCC_NO_COMMON_BLOCKS = YES;
				GCC_WARN_64_TO_32_BIT_CONVERSION = YES;
				GCC_WARN_ABOUT_RETURN_TYPE = YES_ERROR;
				GCC_WARN_UNDECLARED_SELECTOR = YES;
				GCC_WARN_UNINITIALIZED_AUTOS = YES_AGGRESSIVE;
				GCC_WARN_UNUSED_FUNCTION = YES;
				GCC_WARN_UNUSED_VARIABLE = YES;
				IPHONEOS_DEPLOYMENT_TARGET = 15.2;
				MTL_ENABLE_DEBUG_INFO = NO;
				MTL_FAST_MATH = YES;
				SDKROOT = iphoneos;
				SWIFT_COMPILATION_MODE = wholemodule;
				SWIFT_OPTIMIZATION_LEVEL = "-O";
				VALIDATE_PRODUCT = YES;
			};
			name = Release;
		};
		F6551479279B6EEF0060FA67 /* Debug */ = {
			isa = XCBuildConfiguration;
			baseConfigurationReference = EF7A61DF2FB905DCAA596645 /* Pods-VE-Comerce.debug.xcconfig */;
			buildSettings = {
				ASSETCATALOG_COMPILER_APPICON_NAME = AppIcon;
				ASSETCATALOG_COMPILER_GLOBAL_ACCENT_COLOR_NAME = AccentColor;
				CODE_SIGN_STYLE = Automatic;
				CURRENT_PROJECT_VERSION = 1;
				GENERATE_INFOPLIST_FILE = YES;
				INFOPLIST_FILE = "VE-Comerce/Info.plist";
				INFOPLIST_KEY_CFBundleDisplayName = "VE-Comerce";
				INFOPLIST_KEY_NSCameraUsageDescription = "VE-Comerce uses camera just to take photos of your invoices/receipts";
				INFOPLIST_KEY_NSPhotoLibraryUsageDescription = "VE-Comerce uses the photo library just to get your invoices/receipts";
				INFOPLIST_KEY_UIApplicationSupportsIndirectInputEvents = YES;
				INFOPLIST_KEY_UILaunchStoryboardName = LaunchScreen;
				INFOPLIST_KEY_UIMainStoryboardFile = Authentication;
				INFOPLIST_KEY_UISupportedInterfaceOrientations_iPad = "UIInterfaceOrientationPortrait UIInterfaceOrientationPortraitUpsideDown UIInterfaceOrientationLandscapeLeft UIInterfaceOrientationLandscapeRight";
				INFOPLIST_KEY_UISupportedInterfaceOrientations_iPhone = "UIInterfaceOrientationPortrait UIInterfaceOrientationLandscapeLeft UIInterfaceOrientationLandscapeRight";
				IPHONEOS_DEPLOYMENT_TARGET = 13.0;
				LD_RUNPATH_SEARCH_PATHS = (
					"$(inherited)",
					"@executable_path/Frameworks",
				);
				MARKETING_VERSION = 1.0;
				PRODUCT_BUNDLE_IDENTIFIER = "ro.felix..VE-Comerce";
				PRODUCT_NAME = "$(TARGET_NAME)";
				SWIFT_EMIT_LOC_STRINGS = YES;
				SWIFT_VERSION = 5.0;
				TARGETED_DEVICE_FAMILY = "1,2";
			};
			name = Debug;
		};
		F655147A279B6EEF0060FA67 /* Release */ = {
			isa = XCBuildConfiguration;
			baseConfigurationReference = EB543666FEA843D41852C30C /* Pods-VE-Comerce.release.xcconfig */;
			buildSettings = {
				ASSETCATALOG_COMPILER_APPICON_NAME = AppIcon;
				ASSETCATALOG_COMPILER_GLOBAL_ACCENT_COLOR_NAME = AccentColor;
				CODE_SIGN_STYLE = Automatic;
				CURRENT_PROJECT_VERSION = 1;
				GENERATE_INFOPLIST_FILE = YES;
				INFOPLIST_FILE = "VE-Comerce/Info.plist";
				INFOPLIST_KEY_CFBundleDisplayName = "VE-Comerce";
				INFOPLIST_KEY_NSCameraUsageDescription = "VE-Comerce uses camera just to take photos of your invoices/receipts";
				INFOPLIST_KEY_NSPhotoLibraryUsageDescription = "VE-Comerce uses the photo library just to get your invoices/receipts";
				INFOPLIST_KEY_UIApplicationSupportsIndirectInputEvents = YES;
				INFOPLIST_KEY_UILaunchStoryboardName = LaunchScreen;
				INFOPLIST_KEY_UIMainStoryboardFile = Authentication;
				INFOPLIST_KEY_UISupportedInterfaceOrientations_iPad = "UIInterfaceOrientationPortrait UIInterfaceOrientationPortraitUpsideDown UIInterfaceOrientationLandscapeLeft UIInterfaceOrientationLandscapeRight";
				INFOPLIST_KEY_UISupportedInterfaceOrientations_iPhone = "UIInterfaceOrientationPortrait UIInterfaceOrientationLandscapeLeft UIInterfaceOrientationLandscapeRight";
				IPHONEOS_DEPLOYMENT_TARGET = 13.0;
				LD_RUNPATH_SEARCH_PATHS = (
					"$(inherited)",
					"@executable_path/Frameworks",
				);
				MARKETING_VERSION = 1.0;
				PRODUCT_BUNDLE_IDENTIFIER = "ro.felix..VE-Comerce";
				PRODUCT_NAME = "$(TARGET_NAME)";
				SWIFT_EMIT_LOC_STRINGS = YES;
				SWIFT_VERSION = 5.0;
				TARGETED_DEVICE_FAMILY = "1,2";
			};
			name = Release;
		};
		F655147C279B6EEF0060FA67 /* Debug */ = {
			isa = XCBuildConfiguration;
			buildSettings = {
				ALWAYS_EMBED_SWIFT_STANDARD_LIBRARIES = YES;
				BUNDLE_LOADER = "$(TEST_HOST)";
				CODE_SIGN_STYLE = Automatic;
				CURRENT_PROJECT_VERSION = 1;
				GENERATE_INFOPLIST_FILE = YES;
				IPHONEOS_DEPLOYMENT_TARGET = 15.2;
				MARKETING_VERSION = 1.0;
				PRODUCT_BUNDLE_IDENTIFIER = "ro.felix..VE-ComerceTests";
				PRODUCT_NAME = "$(TARGET_NAME)";
				SWIFT_EMIT_LOC_STRINGS = NO;
				SWIFT_VERSION = 5.0;
				TARGETED_DEVICE_FAMILY = "1,2";
				TEST_HOST = "$(BUILT_PRODUCTS_DIR)/VE-Comerce.app/VE-Comerce";
			};
			name = Debug;
		};
		F655147D279B6EEF0060FA67 /* Release */ = {
			isa = XCBuildConfiguration;
			buildSettings = {
				ALWAYS_EMBED_SWIFT_STANDARD_LIBRARIES = YES;
				BUNDLE_LOADER = "$(TEST_HOST)";
				CODE_SIGN_STYLE = Automatic;
				CURRENT_PROJECT_VERSION = 1;
				GENERATE_INFOPLIST_FILE = YES;
				IPHONEOS_DEPLOYMENT_TARGET = 15.2;
				MARKETING_VERSION = 1.0;
				PRODUCT_BUNDLE_IDENTIFIER = "ro.felix..VE-ComerceTests";
				PRODUCT_NAME = "$(TARGET_NAME)";
				SWIFT_EMIT_LOC_STRINGS = NO;
				SWIFT_VERSION = 5.0;
				TARGETED_DEVICE_FAMILY = "1,2";
				TEST_HOST = "$(BUILT_PRODUCTS_DIR)/VE-Comerce.app/VE-Comerce";
			};
			name = Release;
		};
		F655147F279B6EEF0060FA67 /* Debug */ = {
			isa = XCBuildConfiguration;
			buildSettings = {
				ALWAYS_EMBED_SWIFT_STANDARD_LIBRARIES = YES;
				CODE_SIGN_STYLE = Automatic;
				CURRENT_PROJECT_VERSION = 1;
				GENERATE_INFOPLIST_FILE = YES;
				MARKETING_VERSION = 1.0;
				PRODUCT_BUNDLE_IDENTIFIER = "ro.felix..VE-ComerceUITests";
				PRODUCT_NAME = "$(TARGET_NAME)";
				SWIFT_EMIT_LOC_STRINGS = NO;
				SWIFT_VERSION = 5.0;
				TARGETED_DEVICE_FAMILY = "1,2";
				TEST_TARGET_NAME = "VE-Comerce";
			};
			name = Debug;
		};
		F6551480279B6EEF0060FA67 /* Release */ = {
			isa = XCBuildConfiguration;
			buildSettings = {
				ALWAYS_EMBED_SWIFT_STANDARD_LIBRARIES = YES;
				CODE_SIGN_STYLE = Automatic;
				CURRENT_PROJECT_VERSION = 1;
				GENERATE_INFOPLIST_FILE = YES;
				MARKETING_VERSION = 1.0;
				PRODUCT_BUNDLE_IDENTIFIER = "ro.felix..VE-ComerceUITests";
				PRODUCT_NAME = "$(TARGET_NAME)";
				SWIFT_EMIT_LOC_STRINGS = NO;
				SWIFT_VERSION = 5.0;
				TARGETED_DEVICE_FAMILY = "1,2";
				TEST_TARGET_NAME = "VE-Comerce";
			};
			name = Release;
		};
/* End XCBuildConfiguration section */

/* Begin XCConfigurationList section */
		F6551446279B6EEE0060FA67 /* Build configuration list for PBXProject "VE-Comerce" */ = {
			isa = XCConfigurationList;
			buildConfigurations = (
				F6551476279B6EEF0060FA67 /* Debug */,
				F6551477279B6EEF0060FA67 /* Release */,
			);
			defaultConfigurationIsVisible = 0;
			defaultConfigurationName = Release;
		};
		F6551478279B6EEF0060FA67 /* Build configuration list for PBXNativeTarget "VE-Comerce" */ = {
			isa = XCConfigurationList;
			buildConfigurations = (
				F6551479279B6EEF0060FA67 /* Debug */,
				F655147A279B6EEF0060FA67 /* Release */,
			);
			defaultConfigurationIsVisible = 0;
			defaultConfigurationName = Release;
		};
		F655147B279B6EEF0060FA67 /* Build configuration list for PBXNativeTarget "VE-ComerceTests" */ = {
			isa = XCConfigurationList;
			buildConfigurations = (
				F655147C279B6EEF0060FA67 /* Debug */,
				F655147D279B6EEF0060FA67 /* Release */,
			);
			defaultConfigurationIsVisible = 0;
			defaultConfigurationName = Release;
		};
		F655147E279B6EEF0060FA67 /* Build configuration list for PBXNativeTarget "VE-ComerceUITests" */ = {
			isa = XCConfigurationList;
			buildConfigurations = (
				F655147F279B6EEF0060FA67 /* Debug */,
				F6551480279B6EEF0060FA67 /* Release */,
			);
			defaultConfigurationIsVisible = 0;
			defaultConfigurationName = Release;
		};
/* End XCConfigurationList section */

/* Begin XCVersionGroup section */
		F6551457279B6EEE0060FA67 /* VE_Comerce.xcdatamodeld */ = {
			isa = XCVersionGroup;
			children = (
				F6551458279B6EEE0060FA67 /* VE_Comerce.xcdatamodel */,
			);
			currentVersion = F6551458279B6EEE0060FA67 /* VE_Comerce.xcdatamodel */;
			path = VE_Comerce.xcdatamodeld;
			sourceTree = "<group>";
			versionGroupType = wrapper.xcdatamodel;
		};
/* End XCVersionGroup section */
	};
	rootObject = F6551443279B6EEE0060FA67 /* Project object */;
}
